# Generated by conda-lock.
# platform: linux-64
# input_hash: 70f1a969b773cd169c467a847b6925d7c00cc251cf5e8123851434e31848077c
@EXPLICIT
https://conda.anaconda.org/conda-forge/linux-64/_libgcc_mutex-0.1-conda_forge.tar.bz2#d7c89558ba9fa0495403155b64376d81
https://conda.anaconda.org/anaconda/linux-64/blas-1.0-mkl.tar.bz2#751c2c5b239a728db05f91374aaac3a1
https://conda.anaconda.org/anaconda/linux-64/ca-certificates-2022.4.26-h06a4308_0.tar.bz2#6314aa5ba8edad943656943efb941260
https://conda.anaconda.org/anaconda/linux-64/intel-openmp-2021.4.0-h06a4308_3561.tar.bz2#4aa8bcf74c81cd3600978f791191692a
https://conda.anaconda.org/anaconda/linux-64/ld_impl_linux-64-2.35.1-h7274673_9.tar.bz2#74753bc14c44f52ce318f4385c746eb8
https://conda.anaconda.org/conda-forge/linux-64/libgfortran5-12.1.0-hdcd56e2_16.tar.bz2#b02605b875559ff99f04351fd5040760
https://conda.anaconda.org/conda-forge/linux-64/libstdcxx-ng-12.1.0-ha89aaad_16.tar.bz2#6f5ba041a41eb102a1027d9e68731be7
https://conda.anaconda.org/anaconda/noarch/tzdata-2022a-hda174b7_0.tar.bz2#a99750e9650510d276b56d2b000f4569
https://conda.anaconda.org/anaconda/linux-64/utfcpp-3.2.1-h06a4308_0.tar.bz2#92394d99777d1ca76fe0921259de960b
https://conda.anaconda.org/conda-forge/linux-64/libgfortran-ng-12.1.0-h69a702a_16.tar.bz2#6bf15e29a20f614b18ae89368260d0a2
https://conda.anaconda.org/conda-forge/linux-64/libgomp-12.1.0-h8d9b700_16.tar.bz2#f013cf7749536ce43d82afbffdf499ab
https://conda.anaconda.org/anaconda/linux-64/mkl-2021.4.0-h06a4308_640.tar.bz2#bd20f4410b81f327e35ffa0657961146
https://conda.anaconda.org/conda-forge/linux-64/_openmp_mutex-4.5-2_gnu.tar.bz2#73aaf86a425cc6e73fcf236a5a46396d
https://conda.anaconda.org/conda-forge/linux-64/libblas-3.9.0-12_linux64_mkl.tar.bz2#7c015ce76785c39d15c0f93c30cbb644
https://conda.anaconda.org/conda-forge/linux-64/libcblas-3.9.0-12_linux64_mkl.tar.bz2#4491ca8c3b6436e3377635d86faa8c44
https://conda.anaconda.org/conda-forge/linux-64/libgcc-ng-12.1.0-h8d9b700_16.tar.bz2#4f05bc9844f7c101e6e147dab3c88d5c
https://conda.anaconda.org/conda-forge/linux-64/liblapack-3.9.0-12_linux64_mkl.tar.bz2#bb8ef22697afa520822f579c3b72d2e0
https://conda.anaconda.org/conda-forge/linux-64/alsa-lib-1.2.3.2-h166bdaf_0.tar.bz2#b7607b7b62dce55c194ad84f99464e5f
https://conda.anaconda.org/anaconda/linux-64/bzip2-1.0.8-h7b6447c_0.tar.bz2#f52e60deb7f4c82821be9a868e889348
https://conda.anaconda.org/anaconda/linux-64/c-ares-1.18.1-h7f8727e_0.tar.bz2#62ca289a9704ed465d3324295ef851d9
https://conda.anaconda.org/conda-forge/linux-64/cudatoolkit-11.2.2-hbe64b41_10.tar.bz2#363bb01846b2a4b0a575f4793cf78d27
https://conda.anaconda.org/anaconda/linux-64/double-conversion-3.1.5-he6710b0_1.tar.bz2#d58335091a21fb84be6017f879a9cec9
https://conda.anaconda.org/anaconda/linux-64/eigen-3.3.7-hd09550d_1.tar.bz2#580b01bc07a0af37b2d3642d412731e0
https://conda.anaconda.org/anaconda/linux-64/expat-2.4.4-h295c915_0.tar.bz2#c12e8c75f3c7c4f5867827c5dc02dc2c
https://conda.anaconda.org/anaconda/linux-64/fftw-3.3.9-h27cfd23_1.tar.bz2#7d40c13591f949a2032801059e2e6e06
https://conda.anaconda.org/anaconda/linux-64/gmp-6.2.1-h2531618_2.tar.bz2#ff3b51fcfc4c50141c74d44c734b1c5c
https://conda.anaconda.org/anaconda/linux-64/icu-68.1-h2531618_0.tar.bz2#de8e4da8a0b6f9a27d934c452d5756e5
https://conda.anaconda.org/anaconda/linux-64/jpeg-9e-h7f8727e_0.tar.bz2#6e1c0fb5260c590f7ef5235cb3d05863
https://conda.anaconda.org/anaconda/linux-64/jsoncpp-1.9.4-hff7bd54_2.tar.bz2#86a01e3466dc4292269503611db9a5ce
https://conda.anaconda.org/anaconda/linux-64/lame-3.100-h7b6447c_0.tar.bz2#89c4b52f7f550c3dff5ad8e9221a1ccc
https://conda.anaconda.org/anaconda/linux-64/lerc-3.0-h295c915_0.tar.bz2#88199c75f2ac211728febced7785c24e
https://conda.anaconda.org/conda-forge/linux-64/libdeflate-1.10-h7f98852_0.tar.bz2#ffa3a757a97e851293909b49f49f28fb
https://conda.anaconda.org/anaconda/linux-64/libev-4.33-h7f8727e_1.tar.bz2#eeca774c6154c49340dd403b1928d5e9
https://conda.anaconda.org/anaconda/linux-64/libffi-3.3-he6710b0_2.tar.bz2#822b5201dde61bc838072dc5b670c88c
https://conda.anaconda.org/anaconda/linux-64/libglu-9.0.0-hf484d3e_1.tar.bz2#bfe192f11bd63baaed691ca9638920cb
https://conda.anaconda.org/anaconda/linux-64/libiconv-1.16-h7f8727e_2.tar.bz2#a8345526ee5452b2c8de4c5ac5b1c05f
https://conda.anaconda.org/anaconda/linux-64/libogg-1.3.5-h27cfd23_1.tar.bz2#48ff183e45bf81c02fa5f9ce1ad669dc
https://conda.anaconda.org/anaconda/linux-64/libopus-1.3.1-h7b6447c_0.tar.bz2#049062fe7765952d7db02925f43e8fe5
https://conda.anaconda.org/anaconda/linux-64/libsodium-1.0.18-h7b6447c_0.tar.bz2#6f662c6b244a444869f0c537da106d6d
https://conda.anaconda.org/anaconda/linux-64/libtasn1-4.16.0-h27cfd23_0.tar.bz2#7fcfe485e6529b79a6e49aa2e18e18d9
https://conda.anaconda.org/anaconda/linux-64/libunistring-0.9.10-h27cfd23_0.tar.bz2#88da7938c4376b130ad14480b7fbb49b
https://conda.anaconda.org/anaconda/linux-64/libuuid-1.0.3-h7f8727e_2.tar.bz2#fda36b99463bad87974196da2d5bed08
https://conda.anaconda.org/anaconda/linux-64/libwebp-base-1.2.2-h7f8727e_0.tar.bz2#eeb1bd66f28bed1956ab989d6eff7ae5
https://conda.anaconda.org/anaconda/linux-64/libxcb-1.14-h7b6447c_0.tar.bz2#abeb20ac13d2cd53eaaa889c3267c8c2
https://conda.anaconda.org/conda-forge/linux-64/libzlib-1.2.11-h166bdaf_1014.tar.bz2#757138ba3ddc6777b82e91d9ff62e7b9
https://conda.anaconda.org/anaconda/linux-64/lz4-c-1.9.3-h295c915_1.tar.bz2#f35d4bf2fbb39e334992f6dd39f8721e
https://conda.anaconda.org/anaconda/linux-64/ncurses-6.3-h7f8727e_2.tar.bz2#fca4bd4e3891aebf4fd7daf9b6d0ccfa
https://conda.anaconda.org/anaconda/linux-64/ninja-base-1.10.2-hd09550d_5.tar.bz2#fbb47979046951bce6399ebe0391ede8
https://conda.anaconda.org/anaconda/linux-64/nspr-4.33-h295c915_0.tar.bz2#28808460055d2c42c58edd8639ce530c
https://conda.anaconda.org/anaconda/linux-64/openh264-2.1.1-h4ff587b_0.tar.bz2#b25b510a3be22cd8feea30015ea8f33c
https://conda.anaconda.org/anaconda/linux-64/openssl-1.1.1n-h7f8727e_0.tar.bz2#047bdb92ae3c222578c3cf8e947ab92b
https://conda.anaconda.org/anaconda/linux-64/pcre-8.45-h295c915_0.tar.bz2#4bac8a874e62f41ebab8345ca6076eb6
https://conda.anaconda.org/anaconda/linux-64/pugixml-1.11.4-h295c915_1.tar.bz2#3bcda0007675cc355fc9e368add7edea
https://conda.anaconda.org/conda-forge/linux-64/sleef-3.5.1-h9b69904_2.tar.bz2#6e016cf4c525d04a7bd038cee53ad3fd
https://conda.anaconda.org/anaconda/linux-64/tbb-2020.3-hfd86e86_0.tar.bz2#925e0f059d35762aaee4d4ae28c9f6b7
https://conda.anaconda.org/conda-forge/linux-64/x264-1!161.3030-h7f98852_1.tar.bz2#4c9106542ee02c991b64b575ca4ea029
https://conda.anaconda.org/conda-forge/linux-64/xorg-kbproto-1.0.7-h7f98852_1002.tar.bz2#4b230e8381279d76131116660f5a241a
https://conda.anaconda.org/conda-forge/linux-64/xorg-libice-1.0.10-h7f98852_0.tar.bz2#d6b0b50b49eccfe0be0373be628be0f3
https://conda.anaconda.org/anaconda/linux-64/xorg-xproto-7.0.31-h27cfd23_1007.tar.bz2#7638aa708e96e15149bb713633c2cdf7
https://conda.anaconda.org/anaconda/linux-64/xz-5.2.5-h7b6447c_0.tar.bz2#e17620ef8fc8654e77f53b4f2995b288
https://conda.anaconda.org/anaconda/linux-64/yaml-0.2.5-h7b6447c_0.tar.bz2#fcff4f33bb4e3fa91f8d5c3168807abb
https://conda.anaconda.org/conda-forge/linux-64/cudnn-8.2.1.32-h86fa8c9_0.tar.bz2#3227cb8a11bcd2593d51628e43caee56
https://conda.anaconda.org/anaconda/linux-64/glew-2.1.0-h295c915_3.tar.bz2#6fa6b609c7202860934eb70f2b1fc0f2
https://conda.anaconda.org/anaconda/linux-64/libedit-3.1.20210910-h7f8727e_0.tar.bz2#5f295795bb8e419eacb4d6ffbba68ceb
https://conda.anaconda.org/conda-forge/linux-64/libevent-2.1.10-h9b69904_4.tar.bz2#390026683aef81db27ff1b8570ca1336
https://conda.anaconda.org/anaconda/linux-64/libidn2-2.3.2-h7f8727e_0.tar.bz2#f856a968543e8d862a89e5aabe44419d
https://conda.anaconda.org/anaconda/linux-64/libssh2-1.10.0-h8f2d780_0.tar.bz2#f99f13daacf379a329e041ec148c4db7
https://conda.anaconda.org/anaconda/linux-64/libvorbis-1.3.7-h7b6447c_0.tar.bz2#e2260ef2263c0747bb17dc3622620928
https://conda.anaconda.org/conda-forge/linux-64/magma-2.5.4-h6103c52_2.tar.bz2#07bbfd7ed19cc5a66b1bd0bc9a7ebda3
https://conda.anaconda.org/conda-forge/linux-64/mysql-common-8.0.29-haf5c9bc_0.tar.bz2#69c2d220ca1b41a881928a91a6cbbd93
https://conda.anaconda.org/conda-forge/linux-64/nccl-2.12.12.1-h0800d71_0.tar.bz2#54768308f66d9a068d505ffa2ac7d34e
https://conda.anaconda.org/anaconda/linux-64/nettle-3.7.3-hbbd107a_1.tar.bz2#1e711a86e61920ca226b249d99dac54a
https://conda.anaconda.org/anaconda/linux-64/readline-8.1.2-h7f8727e_1.tar.bz2#150ac0eb929bab9dec912797bdfc7b95
https://conda.anaconda.org/anaconda/linux-64/tbb-devel-2020.3-hfd86e86_0.tar.bz2#9d790b0c31e3b3693dd00918fe15fc60
https://conda.anaconda.org/conda-forge/linux-64/xorg-libsm-1.2.2-h470a237_5.tar.bz2#78c03347efc45f0df5f79d20e1544c92
https://conda.anaconda.org/conda-forge/linux-64/xorg-libx11-1.7.2-h7f98852_0.tar.bz2#12a61e640b8894504326aadafccbb790
https://conda.anaconda.org/anaconda/linux-64/zeromq-4.3.4-h2531618_0.tar.bz2#567b68192c387b5fc88178425577a0fe
https://conda.anaconda.org/conda-forge/linux-64/zlib-1.2.11-h166bdaf_1014.tar.bz2#def3b82d1a03aa695bb38ac1dd072ff2
https://conda.anaconda.org/conda-forge/linux-64/zstd-1.5.2-h8a70e8d_1.tar.bz2#3db63b53bb194dbaa7dc3d8833e98da2
https://conda.anaconda.org/anaconda/linux-64/gnutls-3.6.15-he1e5248_0.tar.bz2#6f59b4688f08f47023eb2d374478984e
https://conda.anaconda.org/conda-forge/linux-64/hdf4-4.2.13-h10796ff_1005.tar.bz2#941d62d7d94ab46cf824512a57cac991
https://conda.anaconda.org/anaconda/linux-64/krb5-1.19.2-hac12032_0.tar.bz2#fe9cc044a22b2fc3a5a0699e2fde72fd
https://conda.anaconda.org/anaconda/linux-64/libllvm11-11.1.0-h3826bc1_1.tar.bz2#c261302f1b58f6b2851f856d230dc947
https://conda.anaconda.org/anaconda/linux-64/libnghttp2-1.46.0-hce63b2e_0.tar.bz2#97f632fd848c61ef9ac21fdf95ddd412
https://conda.anaconda.org/anaconda/linux-64/libpng-1.6.37-hbc83047_0.tar.bz2#9cb85601944ca7383b1769bff74b94e8
https://conda.anaconda.org/conda-forge/linux-64/libprotobuf-3.18.1-h780b84a_0.tar.bz2#c3ad07d7c31c2ad207b1f4d36a451cee
https://conda.anaconda.org/anaconda/linux-64/libtheora-1.1.1-h7f8727e_3.tar.bz2#b70a0a3c9741051d4c24f08177607af3
https://conda.anaconda.org/conda-forge/linux-64/libtiff-4.3.0-h0fcbabc_4.tar.bz2#2cdb3944029c2cb99cbe981b182a2e9a
https://conda.anaconda.org/conda-forge/linux-64/libxml2-2.9.12-h72842e0_0.tar.bz2#bd14fdf5b9ee5568056a40a6a2f41866
https://conda.anaconda.org/anaconda/linux-64/libzip-1.5.1-h8d318fa_1003.tar.bz2#cf8aad6d86ccb796731aefc4bbe41562
https://conda.anaconda.org/conda-forge/linux-64/mysql-libs-8.0.29-h28c427c_0.tar.bz2#3314d5f8d6c831514363625cb28c8ff1
https://conda.anaconda.org/anaconda/linux-64/sqlite-3.38.2-hc218d9a_0.tar.bz2#68387ed148d6329ae609dfe0e8a894df
https://conda.anaconda.org/anaconda/linux-64/tk-8.6.11-h1ccaba5_0.tar.bz2#a7bd5edf919b9a24f4f4ed5b23bf62a3
https://conda.anaconda.org/conda-forge/linux-64/xorg-libxt-1.2.1-h7f98852_2.tar.bz2#60d6eec5273f1c9af096c10c268912e3
https://conda.anaconda.org/anaconda/linux-64/freetype-2.11.0-h70c0345_0.tar.bz2#d2b24736491290a6c6d0138932111150
https://conda.anaconda.org/anaconda/linux-64/gettext-0.21.0-hf68c758_0.tar.bz2#7b50d8014e3ffd9258944e356c2fec93
https://conda.anaconda.org/anaconda/linux-64/gl2ps-1.4.2-h70c0345_1.tar.bz2#b9003894917761391d5db47da4555bda
https://conda.anaconda.org/conda-forge/linux-64/libclang-11.1.0-default_ha53f305_1.tar.bz2#b9b71585ca4fcb5d442c5a9df5dd7e98
https://conda.anaconda.org/anaconda/linux-64/libcurl-7.82.0-h0b77cf5_0.tar.bz2#58bfe76e3f31d4a36acd7a7f4092b6ce
https://conda.anaconda.org/conda-forge/linux-64/libpq-13.5-hd57d9b9_1.tar.bz2#a0f425d61c7df890d6381ea352c3f1d7
https://conda.anaconda.org/conda-forge/linux-64/libxkbcommon-1.0.3-he3ba5ed_0.tar.bz2#f9dbabc7e01c459ed7a1d1d64b206e9b
https://conda.anaconda.org/anaconda/linux-64/nss-3.74-h0370c37_0.tar.bz2#dae15373190aa3fe1a52b9f5c5846151
https://conda.anaconda.org/anaconda/linux-64/python-3.9.12-h12debd9_0.tar.bz2#1748a26013cb648ccc14e74e4d4ba79a
https://conda.anaconda.org/anaconda/noarch/attrs-21.4.0-pyhd3eb1b0_0.tar.bz2#718e897afa9f595cfe33461c0685d4da
https://conda.anaconda.org/anaconda/noarch/backcall-0.2.0-pyhd3eb1b0_0.tar.bz2#b2aa5503875aba2f1d88cae9df9a96d5
https://conda.anaconda.org/anaconda/linux-64/blinker-1.4-py39h06a4308_0.tar.bz2#901c753cee59d88107c394ce07afc0cf
https://conda.anaconda.org/anaconda/noarch/cachetools-4.2.2-pyhd3eb1b0_0.tar.bz2#ecf637b000b212d5f07f5f1be454549b
https://conda.anaconda.org/anaconda/linux-64/certifi-2021.10.8-py39h06a4308_2.tar.bz2#0bf94d0b0c9da99742ca7b7457cbd580
https://conda.anaconda.org/anaconda/noarch/charset-normalizer-2.0.4-pyhd3eb1b0_0.tar.bz2#544adf2677c47c9b9c891aea720678f1
https://conda.anaconda.org/anaconda/linux-64/click-8.0.4-py39h06a4308_0.tar.bz2#34726366b02828dd11ec10569ce67676
https://conda.anaconda.org/anaconda/linux-64/curl-7.82.0-h7f8727e_0.tar.bz2#412fb1f9d310969821ce52adffaf80c7
https://conda.anaconda.org/anaconda/noarch/dataclasses-0.8-pyh6d0b6a4_7.tar.bz2#c8c177c84b3e5e6145156045660868e9
https://conda.anaconda.org/anaconda/linux-64/debugpy-1.5.1-py39h295c915_0.tar.bz2#0524ffca60f845eb392bbb56d56f0ce5
https://conda.anaconda.org/anaconda/noarch/decorator-5.1.1-pyhd3eb1b0_0.tar.bz2#6072a09eeab81c07c98065234e46af1e
https://conda.anaconda.org/anaconda/noarch/defusedxml-0.7.1-pyhd3eb1b0_0.tar.bz2#b9280feeee8d845ba495a701bae72de9
https://conda.anaconda.org/anaconda/linux-64/entrypoints-0.4-py39h06a4308_0.tar.bz2#2e6ec51066d825ef3c317abe78d6049e
https://conda.anaconda.org/anaconda/noarch/executing-0.8.3-pyhd3eb1b0_0.tar.bz2#1bdd5a02233d229e76081a73659e9405
https://conda.anaconda.org/conda-forge/linux-64/ffmpeg-4.3.2-h37c90e5_3.tar.bz2#6a70bf602abac41eef61275280c1e834
https://conda.anaconda.org/anaconda/linux-64/fontconfig-2.13.1-h6c09931_0.tar.bz2#e2fda4383ff9a690a6ac174553e10414
https://conda.anaconda.org/anaconda/linux-64/frozenlist-1.2.0-py39h7f8727e_0.tar.bz2#521db792b3d05f70400c0c546dc2a00a
https://conda.anaconda.org/anaconda/linux-64/future-0.18.2-py39h06a4308_1.tar.bz2#b4bf8d614fe59795455a96e5d9043bad
https://conda.anaconda.org/conda-forge/linux-64/hdf5-1.10.6-nompi_h6a2412b_1114.tar.bz2#0a2984b78f51148d7ff6219abe73509e
https://conda.anaconda.org/anaconda/noarch/idna-3.3-pyhd3eb1b0_0.tar.bz2#f2d821eedf78bfe0e9f1d8faf9c8b23e
https://conda.anaconda.org/anaconda/noarch/iniconfig-1.1.1-pyhd3eb1b0_0.tar.bz2#e40edff2c5708f342cef43c7f280c507
https://conda.anaconda.org/anaconda/noarch/ipython_genutils-0.2.0-pyhd3eb1b0_1.tar.bz2#2b7ea8318bc62d9e504ea43409ecd7c1
https://conda.anaconda.org/anaconda/noarch/jmespath-0.10.0-pyhd3eb1b0_0.tar.bz2#8606a9d8436b3d93f8ac4129e0ee0386
https://conda.anaconda.org/anaconda/noarch/jupyterlab_widgets-1.0.0-pyhd3eb1b0_1.tar.bz2#fe074ad242110f3a9cd1e1501b2dde1d
https://conda.anaconda.org/conda-forge/linux-64/libglib-2.68.4-h3e27bee_0.tar.bz2#23767bef4fd0fb2bda64405df72c9454
https://conda.anaconda.org/anaconda/linux-64/loguru-0.5.3-py39h06a4308_3.tar.bz2#71acb0517d3cd9a403ecc8e3482f9650
https://conda.anaconda.org/anaconda/linux-64/markupsafe-2.0.1-py39h27cfd23_0.tar.bz2#d41111388cfceda1904958476da096a1
https://conda.anaconda.org/anaconda/noarch/mccabe-0.7.0-pyhd3eb1b0_0.tar.bz2#9450c92cc8ef8efdb9536cb6781dd04b
https://conda.anaconda.org/anaconda/linux-64/mistune-0.8.4-py39h27cfd23_1000.tar.bz2#f6c734d73e6e3dbc1b62766cf18ff3e4
https://conda.anaconda.org/anaconda/linux-64/multidict-5.2.0-py39h7f8727e_2.tar.bz2#1f0bbc81539a2b4d4a8292b637a8a23b
https://conda.anaconda.org/anaconda/linux-64/mypy_extensions-0.4.3-py39h06a4308_1.tar.bz2#763d81e8d77153a6fd3b1981d20023b1
https://conda.anaconda.org/anaconda/linux-64/nest-asyncio-1.5.5-py39h06a4308_0.tar.bz2#c5dd7c6f63fbc3dd2eeb657d32e72b02
https://conda.anaconda.org/anaconda/linux-64/ninja-1.10.2-h06a4308_5.tar.bz2#f4a9e0be780d872eef17429f13fa4230
https://conda.anaconda.org/anaconda/noarch/pandocfilters-1.5.0-pyhd3eb1b0_0.tar.bz2#0cb9961d77df143d6d65580d713aade1
https://conda.anaconda.org/anaconda/noarch/parso-0.8.3-pyhd3eb1b0_0.tar.bz2#19dd0314629d343382a76a309cb7d183
https://conda.anaconda.org/conda-forge/noarch/pathspec-0.9.0-pyhd8ed1ab_0.tar.bz2#f93dc0ccbc0a8472624165f6e256c7d1
https://conda.anaconda.org/anaconda/noarch/pickleshare-0.7.5-pyhd3eb1b0_1003.tar.bz2#e68a6f315f41a8d814d833652bf38b9b
https://conda.anaconda.org/anaconda/noarch/platformdirs-2.4.0-pyhd3eb1b0_0.tar.bz2#9d6e9750792dd567c6561bf2dfa4cf90
https://conda.anaconda.org/anaconda/linux-64/pluggy-1.0.0-py39h06a4308_1.tar.bz2#849312a6fc71d4a78052e484b4f5fabc
https://conda.anaconda.org/conda-forge/linux-64/proj-8.2.0-h277dcde_0.tar.bz2#7ba8c7a9bf1c2fedf4a6d6dc92839baf
https://conda.anaconda.org/anaconda/noarch/prometheus_client-0.13.1-pyhd3eb1b0_0.tar.bz2#db357aa019ef26978a6319c60671bc58
https://conda.anaconda.org/anaconda/noarch/ptyprocess-0.7.0-pyhd3eb1b0_2.tar.bz2#62f3bb16b31fa9498a41fc4ad2b4f43c
https://conda.anaconda.org/anaconda/noarch/pure_eval-0.2.2-pyhd3eb1b0_0.tar.bz2#8be7529b5e573e3cbc6df277b9950109
https://conda.anaconda.org/anaconda/noarch/py-1.11.0-pyhd3eb1b0_0.tar.bz2#f2d6a6f7d12305e470fd0052f46d2f01
https://conda.anaconda.org/anaconda/noarch/pyasn1-0.4.8-pyhd3eb1b0_0.tar.bz2#4a84e67c47feb540be5d11d6f53535a5
https://conda.anaconda.org/anaconda/noarch/pycodestyle-2.8.0-pyhd3eb1b0_0.tar.bz2#95dcbb941c59c3710ee2d5fc15b3957d
https://conda.anaconda.org/anaconda/noarch/pycparser-2.21-pyhd3eb1b0_0.tar.bz2#e70944ff53d19af4f65073a4f21c7b05
https://conda.anaconda.org/anaconda/noarch/pyflakes-2.4.0-pyhd3eb1b0_0.tar.bz2#ad3575c84bc28656ad06c0b8f3fbb38e
https://conda.anaconda.org/anaconda/noarch/pygments-2.11.2-pyhd3eb1b0_0.tar.bz2#f73d9994217739e61c17daebee774080
https://conda.anaconda.org/conda-forge/noarch/pyjwt-2.4.0-pyhd8ed1ab_0.tar.bz2#9620c5c6170db8f9570777bfb6244088
https://conda.anaconda.org/anaconda/noarch/pyparsing-3.0.4-pyhd3eb1b0_0.tar.bz2#e91ec54770326963c1b7e3641cb91e7a
https://conda.anaconda.org/anaconda/linux-64/pyrsistent-0.18.0-py39heee7806_0.tar.bz2#0e3341a4fe434167bf74b613eb6afd81
https://conda.anaconda.org/anaconda/linux-64/pysocks-1.7.1-py39h06a4308_0.tar.bz2#c5f3f7f10ad30f0945e75252615ab6e5
https://conda.anaconda.org/anaconda/noarch/python-fastjsonschema-2.15.1-pyhd3eb1b0_0.tar.bz2#dd7a6954bcfe644d0bfe769f9b328485
https://conda.anaconda.org/conda-forge/linux-64/python_abi-3.9-2_cp39.tar.bz2#39adde4247484de2bb4000122fdcf665
https://conda.anaconda.org/anaconda/noarch/pytz-2021.3-pyhd3eb1b0_0.tar.bz2#9d6c5d80787e35781e862f0a5f1492f8
https://conda.anaconda.org/anaconda/linux-64/pyyaml-6.0-py39h7f8727e_1.tar.bz2#df73a5d2f6e089d51e71e91935a82c65
https://conda.anaconda.org/anaconda/linux-64/pyzmq-22.3.0-py39h295c915_2.tar.bz2#2dc75d5a4ccb64310939c3a72d34ae20
https://conda.anaconda.org/anaconda/noarch/send2trash-1.8.0-pyhd3eb1b0_1.tar.bz2#41db68b96e114e367c4f120a3b379e59
https://conda.anaconda.org/anaconda/noarch/six-1.16.0-pyhd3eb1b0_1.tar.bz2#0a3ab834ba49016e183e715bff48a2b6
https://conda.anaconda.org/anaconda/noarch/soupsieve-2.3.1-pyhd3eb1b0_0.tar.bz2#4d8b31e39d28e7e7d218f10301034a01
https://conda.anaconda.org/anaconda/linux-64/tensorboard-data-server-0.6.0-py39hca6d32c_0.tar.bz2#3fc5f3d8d847cc682f4a25475c904ff3
https://conda.anaconda.org/anaconda/noarch/testpath-0.5.0-pyhd3eb1b0_0.tar.bz2#a598d10094621c7b721a5508810764ce
https://conda.anaconda.org/anaconda/noarch/toml-0.10.2-pyhd3eb1b0_0.tar.bz2#c879bdd2c6714030b3b0f7aea4e84f0d
https://conda.anaconda.org/anaconda/noarch/tomli-1.2.2-pyhd3eb1b0_0.tar.bz2#f2b6366714fc11ff22e3284cdba18886
https://conda.anaconda.org/anaconda/linux-64/tornado-6.1-py39h27cfd23_0.tar.bz2#200e86f8d53aeebf4b7dcfc944fd7920
https://conda.anaconda.org/anaconda/noarch/traitlets-5.1.1-pyhd3eb1b0_0.tar.bz2#1a372a8fd805a4dc3bbcc2b03a59fee9
https://conda.anaconda.org/anaconda/linux-64/typed-ast-1.4.3-py39h7f8727e_1.tar.bz2#e95b4aa8b4fbac725eb7eb330c427b0f
https://conda.anaconda.org/conda-forge/noarch/typing_extensions-4.2.0-pyha770c72_1.tar.bz2#f0f7e024f94e23d3bfee0ab777bf335a
https://conda.anaconda.org/anaconda/noarch/wcwidth-0.2.5-pyhd3eb1b0_0.tar.bz2#98982290b7b7eff532ec6dead415172b
https://conda.anaconda.org/anaconda/linux-64/webencodings-0.5.1-py39h06a4308_1.tar.bz2#f8d03a15b974fc7810d9f54ae849fc8e
https://conda.anaconda.org/anaconda/noarch/wheel-0.37.1-pyhd3eb1b0_0.tar.bz2#9800fd2a86354f58731a7ad0eb5dd537
https://conda.anaconda.org/anaconda/noarch/zipp-3.7.0-pyhd3eb1b0_0.tar.bz2#299817a03cfeb8ce28322b829dfd9e66
https://conda.anaconda.org/anaconda/noarch/absl-py-0.15.0-pyhd3eb1b0_0.tar.bz2#1b0b40e5952bf03054c99860aba6072e
https://conda.anaconda.org/anaconda/noarch/aiosignal-1.2.0-pyhd3eb1b0_0.tar.bz2#69ca1242900a1537435a8cdc6901100a
https://conda.anaconda.org/anaconda/noarch/asttokens-2.0.5-pyhd3eb1b0_0.tar.bz2#d9c6faf4f1a52c664ef1343f464e45b5
https://conda.anaconda.org/anaconda/linux-64/beautifulsoup4-4.11.1-py39h06a4308_0.tar.bz2#9c68821ab4c31037850b178cbcd5d1e8
https://conda.anaconda.org/conda-forge/noarch/black-22.3.0-pyhd8ed1ab_0.tar.bz2#7ecbfaae9a30b73c1a6e36e4a0debc03
https://conda.anaconda.org/anaconda/linux-64/cffi-1.15.0-py39hd667e15_1.tar.bz2#76ae217198b014b89b267cf41b8251dd
https://conda.anaconda.org/conda-forge/noarch/dacite-1.6.0-pyhd3deb0d_0.tar.bz2#be6c13533b7d8d78e40b82009e3dbfa9
https://conda.anaconda.org/conda-forge/linux-64/glib-tools-2.68.4-h9c3ff4c_0.tar.bz2#1e3e305bf1db79b99c3255b557751519
https://conda.anaconda.org/anaconda/linux-64/grpcio-1.42.0-py39hce63b2e_0.tar.bz2#1e59a8028206e4b49fbaf44df6de185b
https://conda.anaconda.org/conda-forge/linux-64/gstreamer-1.18.5-h76c114f_0.tar.bz2#2372f6206f9861a1af8e3b086a053b2b
https://conda.anaconda.org/anaconda/linux-64/importlib-metadata-4.11.3-py39h06a4308_0.tar.bz2#17cf1debff15f60c0cf86ae275e33880
https://conda.anaconda.org/anaconda/linux-64/jedi-0.18.1-py39h06a4308_1.tar.bz2#5ef6c6a0d1ac79143c7359d305155167
https://conda.anaconda.org/anaconda/noarch/jinja2-3.0.3-pyhd3eb1b0_0.tar.bz2#09efcfa7616c77fa7ab03c694f318c46
https://conda.anaconda.org/anaconda/linux-64/jsonschema-4.4.0-py39h06a4308_0.tar.bz2#40577541303ba023ef688b974ddd6150
https://conda.anaconda.org/anaconda/linux-64/jupyter_core-4.9.2-py39h06a4308_0.tar.bz2#d93cf759c4ec1e41608f0151d15dc58f
https://conda.anaconda.org/anaconda/noarch/jupyterlab_pygments-0.1.2-py_0.tar.bz2#33624a42ee387bf9918ea98b4e7b31fc
https://conda.anaconda.org/conda-forge/linux-64/libitk-5.1.2-h86d312b_0.tar.bz2#2af3c856f4629e7917a5f1d84a172c1a
https://conda.anaconda.org/anaconda/linux-64/libnetcdf-4.8.1-h42ceab0_1.tar.bz2#a2566f0db9a998fdcee525ebc452f2b5
https://conda.anaconda.org/anaconda/noarch/matplotlib-inline-0.1.2-pyhd3eb1b0_2.tar.bz2#7f5b6c674f87de16cb9410d2f5ce7c93
https://conda.anaconda.org/anaconda/linux-64/mkl-service-2.4.0-py39h7f8727e_0.tar.bz2#d3cb2bfa63e30153f5527797dcc87280
https://conda.anaconda.org/conda-forge/linux-64/numpy-1.22.4-py39hc58783e_0.tar.bz2#a09094871a38a0abec011ec36e742045
https://conda.anaconda.org/anaconda/noarch/packaging-21.3-pyhd3eb1b0_0.tar.bz2#e482aa236f5541461d285cc979323035
https://conda.anaconda.org/anaconda/linux-64/pep517-0.12.0-py39h06a4308_0.tar.bz2#21053307d0cffe9d1b704be70339f0ca
https://conda.anaconda.org/anaconda/noarch/pexpect-4.8.0-pyhd3eb1b0_3.tar.bz2#5122a68ef2c53409eda11f07f1c3d7c7
https://conda.anaconda.org/anaconda/noarch/prompt-toolkit-3.0.20-pyhd3eb1b0_0.tar.bz2#dd2ae7b95722775ab3f9c7ac27be6b50
https://conda.anaconda.org/anaconda/noarch/pyasn1-modules-0.2.8-py_0.tar.bz2#4c5ff5474d4df03476d42c6c02c1878c
https://conda.anaconda.org/conda-forge/linux-64/pyqt5-sip-4.19.18-py39he80948d_8.tar.bz2#9dbac74c150d2542eca77c02da307168
https://conda.anaconda.org/anaconda/noarch/python-dateutil-2.8.2-pyhd3eb1b0_0.tar.bz2#2eb923cc014094f4acf7f849d67d73f8
https://conda.anaconda.org/anaconda/noarch/rsa-4.7.2-pyhd3eb1b0_1.tar.bz2#45f93f7851c1420317c50d8919ebe52c
https://conda.anaconda.org/conda-forge/linux-64/setuptools-59.5.0-py39hf3d152e_0.tar.bz2#ee311e355e2eccecea5e5a22a986123f
https://conda.anaconda.org/anaconda/linux-64/terminado-0.13.1-py39h06a4308_0.tar.bz2#85675806b873aaee7699c68dbca2284c
https://conda.anaconda.org/conda-forge/noarch/typing-extensions-4.2.0-hd8ed1ab_1.tar.bz2#6d9d7480c5780514779967be2ee8b963
https://conda.anaconda.org/anaconda/noarch/werkzeug-2.0.3-pyhd3eb1b0_0.tar.bz2#b48df8dc4e090f6a464985eea98977bc
https://conda.anaconda.org/anaconda/linux-64/yarl-1.6.3-py39h27cfd23_0.tar.bz2#e5b45fbf58970697e8627620cd514e26
https://conda.anaconda.org/anaconda/linux-64/argon2-cffi-bindings-21.2.0-py39h7f8727e_0.tar.bz2#2972a84e0e22ae3244bbd2f1eebcf536
https://conda.anaconda.org/anaconda/noarch/async-timeout-4.0.1-pyhd3eb1b0_0.tar.bz2#27d55492055e0797d7392ff45328bfd1
https://conda.anaconda.org/anaconda/noarch/bleach-4.1.0-pyhd3eb1b0_0.tar.bz2#d78a456773bd4df323a2dfb4d8710b90
https://conda.anaconda.org/anaconda/linux-64/bottleneck-1.3.4-py39hce1f21e_0.tar.bz2#922555c0435d6b2537cf8ced534b048c
https://conda.anaconda.org/anaconda/linux-64/brotlipy-0.7.0-py39h27cfd23_1003.tar.bz2#c203ffc7bbba991c7089d4b383cfd92c
https://conda.anaconda.org/anaconda/linux-64/cryptography-36.0.0-py39h9ce1e76_0.tar.bz2#53c75896180c940d63c3d82a6952be8f
https://conda.anaconda.org/anaconda/noarch/flake8-4.0.1-pyhd3eb1b0_1.tar.bz2#c6601e21b388ccb6d56e566940909fdc
https://conda.anaconda.org/conda-forge/linux-64/glib-2.68.4-h9c3ff4c_0.tar.bz2#8b8a2eca3496b279cd4f45888490437f
https://conda.anaconda.org/conda-forge/linux-64/gst-plugins-base-1.18.5-hf529b03_0.tar.bz2#b1f3d74a3b66432adddfc118ff02238a
https://conda.anaconda.org/anaconda/linux-64/jupyter_client-7.2.2-py39h06a4308_0.tar.bz2#c5fd100e3062e831cbdf33331042f627
https://conda.anaconda.org/conda-forge/linux-64/libitk-devel-5.1.2-h9c3ff4c_0.tar.bz2#823a8caed9c179a617bc01d1391fceb5
https://conda.anaconda.org/anaconda/linux-64/markdown-3.3.4-py39h06a4308_0.tar.bz2#d3811276842570f601a24ea6dc298199
https://conda.anaconda.org/anaconda/linux-64/nbformat-5.3.0-py39h06a4308_0.tar.bz2#ec19ed37bf353dab10be0041eb111a1c
https://conda.anaconda.org/anaconda/linux-64/numexpr-2.8.1-py39h6abb31d_0.tar.bz2#5239d8330e8bd34972fb80918dce79e7
https://conda.anaconda.org/conda-forge/noarch/pip-22.1.1-pyhd8ed1ab_0.tar.bz2#6affaf2f490f479c73d819735f80a104
https://conda.anaconda.org/anaconda/noarch/prompt_toolkit-3.0.20-hd3eb1b0_0.tar.bz2#5b8d900ea7c3e81549faca2c797f0d4b
https://conda.anaconda.org/conda-forge/linux-64/protobuf-3.18.1-py39he80948d_0.tar.bz2#7e052ce429b85383fe7744da46f441df
https://conda.anaconda.org/anaconda/linux-64/pytest-6.2.5-py39h06a4308_2.tar.bz2#1ef0276833908722bcf7e9b490ec3394
https://conda.anaconda.org/anaconda/noarch/python-build-0.7.0-pyhd3eb1b0_0.tar.bz2#e22834a2bbe60f75afdf2653ced203aa
https://conda.anaconda.org/conda-forge/linux-64/pytorch-1.9.1-cuda112py39h4e14dd4_3.tar.bz2#cbf6c784965ee0db144a5ab3afab7cee
https://conda.anaconda.org/anaconda/noarch/qtpy-2.0.1-pyhd3eb1b0_0.tar.bz2#a9ff05790223cec74848acaa18af968c
https://conda.anaconda.org/conda-forge/linux-64/scipy-1.8.1-py39he49c0e8_0.tar.bz2#b1b4cc4216e555168e88d6a2b1914af1
https://conda.anaconda.org/anaconda/noarch/setuptools-scm-6.3.2-pyhd3eb1b0_0.tar.bz2#48597993761790e313f2a4c91092c17f
https://conda.anaconda.org/anaconda/noarch/stack_data-0.2.0-pyhd3eb1b0_0.tar.bz2#fa3edcfd4c2c0d744bc177cbfcd77626
https://conda.anaconda.org/anaconda/noarch/tensorboard-plugin-wit-1.6.0-py_0.tar.bz2#d6d311cce452a29369c3425c41e6204a
https://conda.anaconda.org/anaconda/linux-64/aiohttp-3.8.1-py39h7f8727e_1.tar.bz2#371d5a9514830bd15ddb3a0d72066d70
https://conda.anaconda.org/anaconda/noarch/argon2-cffi-21.3.0-pyhd3eb1b0_0.tar.bz2#32685aa840f6868407a3150184ebbf90
https://conda.anaconda.org/anaconda/linux-64/dbus-1.13.18-hb2f20db_0.tar.bz2#498d0788982ec4c5d13a44359b9c7afb
https://conda.anaconda.org/conda-forge/noarch/flake8-black-0.3.3-pyhd8ed1ab_0.tar.bz2#1da2850f2a43c0f62cf9377a1625cca9
https://conda.anaconda.org/anaconda/linux-64/ipython-8.2.0-py39h06a4308_0.tar.bz2#edcaf607bc7f26e384dcffe23c9a8f42
https://conda.anaconda.org/anaconda/linux-64/nbclient-0.5.13-py39h06a4308_0.tar.bz2#996babe4314515ddd41008a53cb5d47f
https://conda.anaconda.org/anaconda/noarch/oauthlib-3.1.0-py_0.tar.bz2#48d0cc9778516b75c828614bbcbe9796
https://conda.anaconda.org/anaconda/linux-64/pandas-1.4.2-py39h295c915_0.tar.bz2#97ef7e1fe923d22a8e2307f3f39a92d5
https://conda.anaconda.org/anaconda/noarch/pyopenssl-22.0.0-pyhd3eb1b0_0.tar.bz2#24300c22dced4609b77f3ace93b5beeb
https://conda.anaconda.org/conda-forge/linux-64/pytorch-gpu-1.9.1-cuda112py39h0bbbad9_3.tar.bz2#001e99cb35f456c99c809833c0b072b1
https://conda.anaconda.org/conda-forge/noarch/pytorch-ignite-0.4.8-pyhd8ed1ab_0.tar.bz2#4310b62dbbf857a669895d112454b7d0
https://conda.anaconda.org/conda-forge/linux-64/simpleitk-2.0.2-py39h156e488_1.tar.bz2#98f220e1a72dc9f0f17c8918118d84c6
https://conda.anaconda.org/conda-forge/noarch/torchinfo-1.6.6-pyhd8ed1ab_0.tar.bz2#fa284c5b254ac0c469936d265b8f9950
https://conda.anaconda.org/anaconda/linux-64/ipykernel-6.9.1-py39h06a4308_0.tar.bz2#199293adeb8a78e347c7514915c8098a
https://conda.anaconda.org/anaconda/linux-64/nbconvert-6.4.4-py39h06a4308_0.tar.bz2#d263e3cdf799476e21315a41eaed3a89
https://conda.anaconda.org/conda-forge/linux-64/qt-5.12.9-hda022c4_4.tar.bz2#afebab1f5049d66baaaec67d9ce893f0
https://conda.anaconda.org/anaconda/linux-64/urllib3-1.26.9-py39h06a4308_0.tar.bz2#13a23b9754e6149c4f955648b8633d30
https://conda.anaconda.org/anaconda/noarch/botocore-1.21.41-pyhd3eb1b0_1.tar.bz2#522b8128ec1d5edf99ea65c8cd62b65c
https://conda.anaconda.org/anaconda/noarch/jupyter_console-6.4.3-pyhd3eb1b0_0.tar.bz2#fbfa340dd57f0d5e0bce2bce14cf7a60
https://conda.anaconda.org/anaconda/linux-64/notebook-6.4.8-py39h06a4308_0.tar.bz2#98769f0900457d6c09f8828b7cf50a7f
https://conda.anaconda.org/conda-forge/linux-64/pyqt-impl-5.12.3-py39hde8b62d_8.tar.bz2#4863d6734a1bd7a86ac5ede53bf9b3c7
https://conda.anaconda.org/anaconda/noarch/requests-2.27.1-pyhd3eb1b0_0.tar.bz2#e12c0ec83a159d54d75821bf91a323fd
https://conda.anaconda.org/conda-forge/linux-64/vtk-9.1.0-no_osmesa_py39h62d5dbf_100.tar.bz2#491ef36c0e667dcdc8cdfd33a6a5398d
https://conda.anaconda.org/anaconda/noarch/google-auth-2.6.0-pyhd3eb1b0_0.tar.bz2#21fac95ad9bea15aa841d549b354bde8
https://conda.anaconda.org/conda-forge/linux-64/pyqtchart-5.12-py39h0fcd23e_8.tar.bz2#d7d18728be87fdc0ddda3e65d41caa53
https://conda.anaconda.org/conda-forge/linux-64/pyqtwebengine-5.12.1-py39h0fcd23e_8.tar.bz2#2098c2b2c9a38b43678a27819ff9433f
https://conda.anaconda.org/anaconda/noarch/requests-oauthlib-1.3.0-py_0.tar.bz2#a51420b97b169cc2aa1404a77ca8ae0d
https://conda.anaconda.org/anaconda/noarch/s3transfer-0.5.0-pyhd3eb1b0_0.tar.bz2#a42eb7e9f7c83560f02b8ed25881ec2d
https://conda.anaconda.org/anaconda/linux-64/widgetsnbextension-3.5.2-py39h06a4308_0.tar.bz2#aa41ad1a2c79dfc34f7c587e46b7b135
https://conda.anaconda.org/anaconda/noarch/boto3-1.18.21-pyhd3eb1b0_0.tar.bz2#5d97b8b4cdd49b945bb00bb55d29c8b6
https://conda.anaconda.org/anaconda/noarch/google-auth-oauthlib-0.4.4-pyhd3eb1b0_0.tar.bz2#a9379b5ad5373d3e7879447115b4928c
https://conda.anaconda.org/anaconda/noarch/ipywidgets-7.6.5-pyhd3eb1b0_1.tar.bz2#4e86983a620c1607c345793553966cfb
https://conda.anaconda.org/conda-forge/linux-64/pyqt-5.12.3-py39hf3d152e_8.tar.bz2#466425e3ee3b190e06b8a5a7098421aa
https://conda.anaconda.org/anaconda/noarch/qtconsole-5.3.0-pyhd3eb1b0_0.tar.bz2#79fadcf0737d58f7b2f5f4b9d6f7f572
https://conda.anaconda.org/conda-forge/noarch/tensorboard-2.8.0-pyhd8ed1ab_1.tar.bz2#fc86861452a280db19d13feabe5220d9
https://conda.anaconda.org/anaconda/linux-64/jupyter-1.0.0-py39h06a4308_7.tar.bz2#bda7bd1285b7628ca4eec66796d0901c
